
Microsoft Visual Studio Solution File, Format Version 12.00
# Visual Studio 15
VisualStudioVersion = 15.0.28307.572
MinimumVisualStudioVersion = 10.0.40219.1
Project("{FAE04EC0-301F-11D3-BF4B-00C04F79EFBC}") = "TrisBluetooth.Android", "TrisBluetooth\TrisBluetooth.Android\TrisBluetooth.Android.csproj", "{BE45948E-37EC-42D7-B003-ACAA02F253EE}"
EndProject
Project("{FAE04EC0-301F-11D3-BF4B-00C04F79EFBC}") = "TrisBluetooth.iOS", "TrisBluetooth\TrisBluetooth.iOS\TrisBluetooth.iOS.csproj", "{13466130-A542-466A-9450-7E98DBC142C0}"
EndProject
Project("{FAE04EC0-301F-11D3-BF4B-00C04F79EFBC}") = "TrisBluetooth", "TrisBluetooth\TrisBluetooth\TrisBluetooth.csproj", "{682D028B-FAC6-406A-8F5D-917417629B16}"
EndProject
Global
	GlobalSection(SolutionConfigurationPlatforms) = preSolution
		Ad-Hoc|Any CPU = Ad-Hoc|Any CPU
		Ad-Hoc|iPhone = Ad-Hoc|iPhone
		Ad-Hoc|iPhoneSimulator = Ad-Hoc|iPhoneSimulator
		AppStore|Any CPU = AppStore|Any CPU
		AppStore|iPhone = AppStore|iPhone
		AppStore|iPhoneSimulator = AppStore|iPhoneSimulator
		Debug|Any CPU = Debug|Any CPU
		Debug|iPhone = Debug|iPhone
		Debug|iPhoneSimulator = Debug|iPhoneSimulator
		Release|Any CPU = Release|Any CPU
		Release|iPhone = Release|iPhone
		Release|iPhoneSimulator = Release|iPhoneSimulator
	EndGlobalSection
	GlobalSection(ProjectConfigurationPlatforms) = postSolution
		{BE45948E-37EC-42D7-B003-ACAA02F253EE}.Ad-Hoc|Any CPU.ActiveCfg = Release|Any CPU
		{BE45948E-37EC-42D7-B003-ACAA02F253EE}.Ad-Hoc|Any CPU.Build.0 = Release|Any CPU
		{BE45948E-37EC-42D7-B003-ACAA02F253EE}.Ad-Hoc|Any CPU.Deploy.0 = Release|Any CPU
		{BE45948E-37EC-42D7-B003-ACAA02F253EE}.Ad-Hoc|iPhone.ActiveCfg = Release|Any CPU
		{BE45948E-37EC-42D7-B003-ACAA02F253EE}.Ad-Hoc|iPhone.Build.0 = Release|Any CPU
		{BE45948E-37EC-42D7-B003-ACAA02F253EE}.Ad-Hoc|iPhone.Deploy.0 = Release|Any CPU
		{BE45948E-37EC-42D7-B003-ACAA02F253EE}.Ad-Hoc|iPhoneSimulator.ActiveCfg = Release|Any CPU
		{BE45948E-37EC-42D7-B003-ACAA02F253EE}.Ad-Hoc|iPhoneSimulator.Build.0 = Release|Any CPU
		{BE45948E-37EC-42D7-B003-ACAA02F253EE}.Ad-Hoc|iPhoneSimulator.Deploy.0 = Release|Any CPU
		{BE45948E-37EC-42D7-B003-ACAA02F253EE}.AppStore|Any CPU.ActiveCfg = Release|Any CPU
		{BE45948E-37EC-42D7-B003-ACAA02F253EE}.AppStore|Any CPU.Build.0 = Release|Any CPU
		{BE45948E-37EC-42D7-B003-ACAA02F253EE}.AppStore|Any CPU.Deploy.0 = Release|Any CPU
		{BE45948E-37EC-42D7-B003-ACAA02F253EE}.AppStore|iPhone.ActiveCfg = Release|Any CPU
		{BE45948E-37EC-42D7-B003-ACAA02F253EE}.AppStore|iPhone.Build.0 = Release|Any CPU
		{BE45948E-37EC-42D7-B003-ACAA02F253EE}.AppStore|iPhone.Deploy.0 = Release|Any CPU
		{BE45948E-37EC-42D7-B003-ACAA02F253EE}.AppStore|iPhoneSimulator.ActiveCfg = Release|Any CPU
		{BE45948E-37EC-42D7-B003-ACAA02F253EE}.AppStore|iPhoneSimulator.Build.0 = Release|Any CPU
		{BE45948E-37EC-42D7-B003-ACAA02F253EE}.AppStore|iPhoneSimulator.Deploy.0 = Release|Any CPU
		{BE45948E-37EC-42D7-B003-ACAA02F253EE}.Debug|Any CPU.ActiveCfg = Debug|Any CPU
		{BE45948E-37EC-42D7-B003-ACAA02F253EE}.Debug|Any CPU.Build.0 = Debug|Any CPU
		{BE45948E-37EC-42D7-B003-ACAA02F253EE}.Debug|Any CPU.Deploy.0 = Debug|Any CPU
		{BE45948E-37EC-42D7-B003-ACAA02F253EE}.Debug|iPhone.ActiveCfg = Debug|Any CPU
		{BE45948E-37EC-42D7-B003-ACAA02F253EE}.Debug|iPhone.Build.0 = Debug|Any CPU
		{BE45948E-37EC-42D7-B003-ACAA02F253EE}.Debug|iPhone.Deploy.0 = Debug|Any CPU
		{BE45948E-37EC-42D7-B003-ACAA02F253EE}.Debug|iPhoneSimulator.ActiveCfg = Debug|Any CPU
		{BE45948E-37EC-42D7-B003-ACAA02F253EE}.Debug|iPhoneSimulator.Build.0 = Debug|Any CPU
		{BE45948E-37EC-42D7-B003-ACAA02F253EE}.Debug|iPhoneSimulator.Deploy.0 = Debug|Any CPU
		{BE45948E-37EC-42D7-B003-ACAA02F253EE}.Release|Any CPU.ActiveCfg = Release|Any CPU
		{BE45948E-37EC-42D7-B003-ACAA02F253EE}.Release|Any CPU.Build.0 = Release|Any CPU
		{BE45948E-37EC-42D7-B003-ACAA02F253EE}.Release|Any CPU.Deploy.0 = Release|Any CPU
		{BE45948E-37EC-42D7-B003-ACAA02F253EE}.Release|iPhone.ActiveCfg = Release|Any CPU
		{BE45948E-37EC-42D7-B003-ACAA02F253EE}.Release|iPhone.Build.0 = Release|Any CPU
		{BE45948E-37EC-42D7-B003-ACAA02F253EE}.Release|iPhone.Deploy.0 = Release|Any CPU
		{BE45948E-37EC-42D7-B003-ACAA02F253EE}.Release|iPhoneSimulator.ActiveCfg = Release|Any CPU
		{BE45948E-37EC-42D7-B003-ACAA02F253EE}.Release|iPhoneSimulator.Build.0 = Release|Any CPU
		{BE45948E-37EC-42D7-B003-ACAA02F253EE}.Release|iPhoneSimulator.Deploy.0 = Release|Any CPU
		{13466130-A542-466A-9450-7E98DBC142C0}.Ad-Hoc|Any CPU.ActiveCfg = Ad-Hoc|iPhone
		{13466130-A542-466A-9450-7E98DBC142C0}.Ad-Hoc|Any CPU.Build.0 = Ad-Hoc|iPhone
		{13466130-A542-466A-9450-7E98DBC142C0}.Ad-Hoc|Any CPU.Deploy.0 = Ad-Hoc|iPhone
		{13466130-A542-466A-9450-7E98DBC142C0}.Ad-Hoc|iPhone.ActiveCfg = Ad-Hoc|iPhone
		{13466130-A542-466A-9450-7E98DBC142C0}.Ad-Hoc|iPhone.Build.0 = Ad-Hoc|iPhone
		{13466130-A542-466A-9450-7E98DBC142C0}.Ad-Hoc|iPhone.Deploy.0 = Ad-Hoc|iPhone
		{13466130-A542-466A-9450-7E98DBC142C0}.Ad-Hoc|iPhoneSimulator.ActiveCfg = Ad-Hoc|iPhoneSimulator
		{13466130-A542-466A-9450-7E98DBC142C0}.Ad-Hoc|iPhoneSimulator.Build.0 = Ad-Hoc|iPhoneSimulator
		{13466130-A542-466A-9450-7E98DBC142C0}.Ad-Hoc|iPhoneSimulator.Deploy.0 = Ad-Hoc|iPhoneSimulator
		{13466130-A542-466A-9450-7E98DBC142C0}.AppStore|Any CPU.ActiveCfg = AppStore|iPhone
		{13466130-A542-466A-9450-7E98DBC142C0}.AppStore|Any CPU.Build.0 = AppStore|iPhone
		{13466130-A542-466A-9450-7E98DBC142C0}.AppStore|Any CPU.Deploy.0 = AppStore|iPhone
		{13466130-A542-466A-9450-7E98DBC142C0}.AppStore|iPhone.ActiveCfg = AppStore|iPhone
		{13466130-A542-466A-9450-7E98DBC142C0}.AppStore|iPhone.Build.0 = AppStore|iPhone
		{13466130-A542-466A-9450-7E98DBC142C0}.AppStore|iPhone.Deploy.0 = AppStore|iPhone
		{13466130-A542-466A-9450-7E98DBC142C0}.AppStore|iPhoneSimulator.ActiveCfg = AppStore|iPhoneSimulator
		{13466130-A542-466A-9450-7E98DBC142C0}.AppStore|iPhoneSimulator.Build.0 = AppStore|iPhoneSimulator
		{13466130-A542-466A-9450-7E98DBC142C0}.AppStore|iPhoneSimulator.Deploy.0 = AppStore|iPhoneSimulator
		{13466130-A542-466A-9450-7E98DBC142C0}.Debug|Any CPU.ActiveCfg = Debug|iPhoneSimulator
		{13466130-A542-466A-9450-7E98DBC142C0}.Debug|Any CPU.Build.0 = Debug|iPhoneSimulator
		{13466130-A542-466A-9450-7E98DBC142C0}.Debug|Any CPU.Deploy.0 = Debug|iPhoneSimulator
		{13466130-A542-466A-9450-7E98DBC142C0}.Debug|iPhone.ActiveCfg = Debug|iPhone
		{13466130-A542-466A-9450-7E98DBC142C0}.Debug|iPhone.Build.0 = Debug|iPhone
		{13466130-A542-466A-9450-7E98DBC142C0}.Debug|iPhone.Deploy.0 = Debug|iPhone
		{13466130-A542-466A-9450-7E98DBC142C0}.Debug|iPhoneSimulator.ActiveCfg = Debug|iPhoneSimulator
		{13466130-A542-466A-9450-7E98DBC142C0}.Debug|iPhoneSimulator.Build.0 = Debug|iPhoneSimulator
		{13466130-A542-466A-9450-7E98DBC142C0}.Debug|iPhoneSimulator.Deploy.0 = Debug|iPhoneSimulator
		{13466130-A542-466A-9450-7E98DBC142C0}.Release|Any CPU.ActiveCfg = Release|iPhone
		{13466130-A542-466A-9450-7E98DBC142C0}.Release|Any CPU.Build.0 = Release|iPhone
		{13466130-A542-466A-9450-7E98DBC142C0}.Release|Any CPU.Deploy.0 = Release|iPhone
		{13466130-A542-466A-9450-7E98DBC142C0}.Release|iPhone.ActiveCfg = Release|iPhone
		{13466130-A542-466A-9450-7E98DBC142C0}.Release|iPhone.Build.0 = Release|iPhone
		{13466130-A542-466A-9450-7E98DBC142C0}.Release|iPhone.Deploy.0 = Release|iPhone
		{13466130-A542-466A-9450-7E98DBC142C0}.Release|iPhoneSimulator.ActiveCfg = Release|iPhoneSimulator
		{13466130-A542-466A-9450-7E98DBC142C0}.Release|iPhoneSimulator.Build.0 = Release|iPhoneSimulator
		{13466130-A542-466A-9450-7E98DBC142C0}.Release|iPhoneSimulator.Deploy.0 = Release|iPhoneSimulator
		{682D028B-FAC6-406A-8F5D-917417629B16}.Ad-Hoc|Any CPU.ActiveCfg = Debug|Any CPU
		{682D028B-FAC6-406A-8F5D-917417629B16}.Ad-Hoc|Any CPU.Build.0 = Debug|Any CPU
		{682D028B-FAC6-406A-8F5D-917417629B16}.Ad-Hoc|Any CPU.Deploy.0 = Debug|Any CPU
		{682D028B-FAC6-406A-8F5D-917417629B16}.Ad-Hoc|iPhone.ActiveCfg = Debug|Any CPU
		{682D028B-FAC6-406A-8F5D-917417629B16}.Ad-Hoc|iPhone.Build.0 = Debug|Any CPU
		{682D028B-FAC6-406A-8F5D-917417629B16}.Ad-Hoc|iPhone.Deploy.0 = Debug|Any CPU
		{682D028B-FAC6-406A-8F5D-917417629B16}.Ad-Hoc|iPhoneSimulator.ActiveCfg = Debug|Any CPU
		{682D028B-FAC6-406A-8F5D-917417629B16}.Ad-Hoc|iPhoneSimulator.Build.0 = Debug|Any CPU
		{682D028B-FAC6-406A-8F5D-917417629B16}.Ad-Hoc|iPhoneSimulator.Deploy.0 = Debug|Any CPU
		{682D028B-FAC6-406A-8F5D-917417629B16}.AppStore|Any CPU.ActiveCfg = Debug|Any CPU
		{682D028B-FAC6-406A-8F5D-917417629B16}.AppStore|Any CPU.Build.0 = Debug|Any CPU
		{682D028B-FAC6-406A-8F5D-917417629B16}.AppStore|Any CPU.Deploy.0 = Debug|Any CPU
		{682D028B-FAC6-406A-8F5D-917417629B16}.AppStore|iPhone.ActiveCfg = Debug|Any CPU
		{682D028B-FAC6-406A-8F5D-917417629B16}.AppStore|iPhone.Build.0 = Debug|Any CPU
		{682D028B-FAC6-406A-8F5D-917417629B16}.AppStore|iPhone.Deploy.0 = Debug|Any CPU
		{682D028B-FAC6-406A-8F5D-917417629B16}.AppStore|iPhoneSimulator.ActiveCfg = Debug|Any CPU
		{682D028B-FAC6-406A-8F5D-917417629B16}.AppStore|iPhoneSimulator.Build.0 = Debug|Any CPU
		{682D028B-FAC6-406A-8F5D-917417629B16}.AppStore|iPhoneSimulator.Deploy.0 = Debug|Any CPU
		{682D028B-FAC6-406A-8F5D-917417629B16}.Debug|Any CPU.ActiveCfg = Debug|Any CPU
		{682D028B-FAC6-406A-8F5D-917417629B16}.Debug|Any CPU.Build.0 = Debug|Any CPU
		{682D028B-FAC6-406A-8F5D-917417629B16}.Debug|Any CPU.Deploy.0 = Debug|Any CPU
		{682D028B-FAC6-406A-8F5D-917417629B16}.Debug|iPhone.ActiveCfg = Debug|Any CPU
		{682D028B-FAC6-406A-8F5D-917417629B16}.Debug|iPhone.Build.0 = Debug|Any CPU
		{682D028B-FAC6-406A-8F5D-917417629B16}.Debug|iPhone.Deploy.0 = Debug|Any CPU
		{682D028B-FAC6-406A-8F5D-917417629B16}.Debug|iPhoneSimulator.ActiveCfg = Debug|Any CPU
		{682D028B-FAC6-406A-8F5D-917417629B16}.Debug|iPhoneSimulator.Build.0 = Debug|Any CPU
		{682D028B-FAC6-406A-8F5D-917417629B16}.Debug|iPhoneSimulator.Deploy.0 = Debug|Any CPU
		{682D028B-FAC6-406A-8F5D-917417629B16}.Release|Any CPU.ActiveCfg = Release|Any CPU
		{682D028B-FAC6-406A-8F5D-917417629B16}.Release|Any CPU.Build.0 = Release|Any CPU
		{682D028B-FAC6-406A-8F5D-917417629B16}.Release|Any CPU.Deploy.0 = Release|Any CPU
		{682D028B-FAC6-406A-8F5D-917417629B16}.Release|iPhone.ActiveCfg = Release|Any CPU
		{682D028B-FAC6-406A-8F5D-917417629B16}.Release|iPhone.Build.0 = Release|Any CPU
		{682D028B-FAC6-406A-8F5D-917417629B16}.Release|iPhone.Deploy.0 = Release|Any CPU
		{682D028B-FAC6-406A-8F5D-917417629B16}.Release|iPhoneSimulator.ActiveCfg = Release|Any CPU
		{682D028B-FAC6-406A-8F5D-917417629B16}.Release|iPhoneSimulator.Build.0 = Release|Any CPU
		{682D028B-FAC6-406A-8F5D-917417629B16}.Release|iPhoneSimulator.Deploy.0 = Release|Any CPU
	EndGlobalSection
	GlobalSection(SolutionProperties) = preSolution
		HideSolutionNode = FALSE
	EndGlobalSection
	GlobalSection(ExtensibilityGlobals) = postSolution
		SolutionGuid = {5AF3CB89-7FC5-46D8-8B87-841811CEA0B0}
	EndGlobalSection
EndGlobal
